
Microsoft Visual Studio Solution File, Format Version 12.00
# Visual Studio Version 16
VisualStudioVersion = 16.0.31613.86
MinimumVisualStudioVersion = 10.0.40219.1
Project("{9A19103F-16F7-4668-BE54-9A1E7A4F7556}") = "GraphTheory", "GraphTheory\GraphTheory.csproj", "{32CED40D-B76A-4036-BFE2-A803E02093BA}"
EndProject
Project("{FAE04EC0-301F-11D3-BF4B-00C04F79EFBC}") = "GraphTheory.Core", "GraphTheory.Core\GraphTheory.Core.csproj", "{2E04EA59-CE32-4DE4-B811-0A7820BA82D3}"
EndProject
Project("{FAE04EC0-301F-11D3-BF4B-00C04F79EFBC}") = "GraphTheory.Exercises", "GraphTheory.Exercises\GraphTheory.Exercises.csproj", "{078FB07B-B6C1-4ABA-A89C-34F0C0C6765B}"
EndProject
Project("{FAE04EC0-301F-11D3-BF4B-00C04F79EFBC}") = "GraphTheory.Interface", "GraphTheory.Console\GraphTheory.Interface.csproj", "{86EB70E0-88B9-4C76-ACF0-57EFB00C153F}"
EndProject
Global
	GlobalSection(SolutionConfigurationPlatforms) = preSolution
		Debug|Any CPU = Debug|Any CPU
		Release|Any CPU = Release|Any CPU
	EndGlobalSection
	GlobalSection(ProjectConfigurationPlatforms) = postSolution
		{32CED40D-B76A-4036-BFE2-A803E02093BA}.Debug|Any CPU.ActiveCfg = Debug|Any CPU
		{32CED40D-B76A-4036-BFE2-A803E02093BA}.Debug|Any CPU.Build.0 = Debug|Any CPU
		{32CED40D-B76A-4036-BFE2-A803E02093BA}.Release|Any CPU.ActiveCfg = Release|Any CPU
		{32CED40D-B76A-4036-BFE2-A803E02093BA}.Release|Any CPU.Build.0 = Release|Any CPU
		{2E04EA59-CE32-4DE4-B811-0A7820BA82D3}.Debug|Any CPU.ActiveCfg = Debug|Any CPU
		{2E04EA59-CE32-4DE4-B811-0A7820BA82D3}.Debug|Any CPU.Build.0 = Debug|Any CPU
		{2E04EA59-CE32-4DE4-B811-0A7820BA82D3}.Release|Any CPU.ActiveCfg = Release|Any CPU
		{2E04EA59-CE32-4DE4-B811-0A7820BA82D3}.Release|Any CPU.Build.0 = Release|Any CPU
		{078FB07B-B6C1-4ABA-A89C-34F0C0C6765B}.Debug|Any CPU.ActiveCfg = Debug|Any CPU
		{078FB07B-B6C1-4ABA-A89C-34F0C0C6765B}.Debug|Any CPU.Build.0 = Debug|Any CPU
		{078FB07B-B6C1-4ABA-A89C-34F0C0C6765B}.Release|Any CPU.ActiveCfg = Release|Any CPU
		{078FB07B-B6C1-4ABA-A89C-34F0C0C6765B}.Release|Any CPU.Build.0 = Release|Any CPU
		{86EB70E0-88B9-4C76-ACF0-57EFB00C153F}.Debug|Any CPU.ActiveCfg = Debug|Any CPU
		{86EB70E0-88B9-4C76-ACF0-57EFB00C153F}.Debug|Any CPU.Build.0 = Debug|Any CPU
		{86EB70E0-88B9-4C76-ACF0-57EFB00C153F}.Release|Any CPU.ActiveCfg = Release|Any CPU
		{86EB70E0-88B9-4C76-ACF0-57EFB00C153F}.Release|Any CPU.Build.0 = Release|Any CPU
	EndGlobalSection
	GlobalSection(SolutionProperties) = preSolution
		HideSolutionNode = FALSE
	EndGlobalSection
	GlobalSection(ExtensibilityGlobals) = postSolution
		SolutionGuid = {CCD7A03F-833A-4B10-85EF-4702D7A2E535}
	EndGlobalSection
EndGlobal
